// !$*UTF8*$!
{
	archiveVersion = 1;
	classes = {
	};
	objectVersion = 46;
	objects = {

/* Begin PBXBuildFile section */
		E36EC87E1F1BD5FF00473895 /* AppDelegate.swift in Sources */ = {isa = PBXBuildFile; fileRef = E36EC87D1F1BD5FF00473895 /* AppDelegate.swift */; };
		E36EC8801F1BD5FF00473895 /* ViewController.swift in Sources */ = {isa = PBXBuildFile; fileRef = E36EC87F1F1BD5FF00473895 /* ViewController.swift */; };
		E36EC8831F1BD5FF00473895 /* Main.storyboard in Resources */ = {isa = PBXBuildFile; fileRef = E36EC8811F1BD5FF00473895 /* Main.storyboard */; };
		E36EC8851F1BD5FF00473895 /* Assets.xcassets in Resources */ = {isa = PBXBuildFile; fileRef = E36EC8841F1BD5FF00473895 /* Assets.xcassets */; };
		E36EC8881F1BD5FF00473895 /* LaunchScreen.storyboard in Resources */ = {isa = PBXBuildFile; fileRef = E36EC8861F1BD5FF00473895 /* LaunchScreen.storyboard */; };
/* End PBXBuildFile section */

/* Begin PBXFileReference section */
		E36EC87A1F1BD5FF00473895 /* MambaTest.app */ = {isa = PBXFileReference; explicitFileType = wrapper.application; includeInIndex = 0; path = MambaTest.app; sourceTree = BUILT_PRODUCTS_DIR; };
		E36EC87D1F1BD5FF00473895 /* AppDelegate.swift */ = {isa = PBXFileReference; lastKnownFileType = sourcecode.swift; path = AppDelegate.swift; sourceTree = "<group>"; };
		E36EC87F1F1BD5FF00473895 /* ViewController.swift */ = {isa = PBXFileReference; lastKnownFileType = sourcecode.swift; path = ViewController.swift; sourceTree = "<group>"; };
		E36EC8821F1BD5FF00473895 /* Base */ = {isa = PBXFileReference; lastKnownFileType = file.storyboard; name = Base; path = Base.lproj/Main.storyboard; sourceTree = "<group>"; };
		E36EC8841F1BD5FF00473895 /* Assets.xcassets */ = {isa = PBXFileReference; lastKnownFileType = folder.assetcatalog; path = Assets.xcassets; sourceTree = "<group>"; };
		E36EC8871F1BD5FF00473895 /* Base */ = {isa = PBXFileReference; lastKnownFileType = file.storyboard; name = Base; path = Base.lproj/LaunchScreen.storyboard; sourceTree = "<group>"; };
		E36EC8891F1BD5FF00473895 /* Info.plist */ = {isa = PBXFileReference; lastKnownFileType = text.plist.xml; path = Info.plist; sourceTree = "<group>"; };
/* End PBXFileReference section */

/* Begin PBXFrameworksBuildPhase section */
		E36EC8771F1BD5FF00473895 /* Frameworks */ = {
			isa = PBXFrameworksBuildPhase;
			buildActionMask = 2147483647;
			files = (
			);
			runOnlyForDeploymentPostprocessing = 0;
		};
/* End PBXFrameworksBuildPhase section */

/* Begin PBXGroup section */
		E36EC8711F1BD5FF00473895 = {
			isa = PBXGroup;
			children = (
				E36EC87C1F1BD5FF00473895 /* MambaTest */,
				E36EC87B1F1BD5FF00473895 /* Products */,
			);
			sourceTree = "<group>";
		};
		E36EC87B1F1BD5FF00473895 /* Products */ = {
			isa = PBXGroup;
			children = (
				E36EC87A1F1BD5FF00473895 /* MambaTest.app */,
			);
			name = Products;
			sourceTree = "<group>";
		};
		E36EC87C1F1BD5FF00473895 /* MambaTest */ = {
			isa = PBXGroup;
			children = (
				E36EC87D1F1BD5FF00473895 /* AppDelegate.swift */,
				E36EC87F1F1BD5FF00473895 /* ViewController.swift */,
				E36EC8811F1BD5FF00473895 /* Main.storyboard */,
				E36EC8841F1BD5FF00473895 /* Assets.xcassets */,
				E36EC8861F1BD5FF00473895 /* LaunchScreen.storyboard */,
				E36EC8891F1BD5FF00473895 /* Info.plist */,
			);
			path = MambaTest;
			sourceTree = "<group>";
		};
/* End PBXGroup section */

/* Begin PBXNativeTarget section */
		E36EC8791F1BD5FF00473895 /* MambaTest */ = {
			isa = PBXNativeTarget;
			buildConfigurationList = E36EC88C1F1BD5FF00473895 /* Build configuration list for PBXNativeTarget "MambaTest" */;
			buildPhases = (
				E36EC8761F1BD5FF00473895 /* Sources */,
				E36EC8771F1BD5FF00473895 /* Frameworks */,
				E36EC8781F1BD5FF00473895 /* Resources */,
			);
			buildRules = (
			);
			dependencies = (
			);
			name = MambaTest;
			productName = MambaTest;
			productReference = E36EC87A1F1BD5FF00473895 /* MambaTest.app */;
			productType = "com.apple.product-type.application";
		};
/* End PBXNativeTarget section */

/* Begin PBXProject section */
		E36EC8721F1BD5FF00473895 /* Project object */ = {
			isa = PBXProject;
			attributes = {
				LastSwiftUpdateCheck = 0820;
				LastUpgradeCheck = 0820;
				ORGANIZATIONNAME = "Andrey Ildyakov";
				TargetAttributes = {
					E36EC8791F1BD5FF00473895 = {
						CreatedOnToolsVersion = 8.2;
						DevelopmentTeam = 598SD24BP7;
						ProvisioningStyle = Automatic;
					};
				};
			};
			buildConfigurationList = E36EC8751F1BD5FF00473895 /* Build configuration list for PBXProject "MambaTest" */;
			compatibilityVersion = "Xcode 3.2";
			developmentRegion = English;
			hasScannedForEncodings = 0;
			knownRegions = (
				en,
				Base,
			);
			mainGroup = E36EC8711F1BD5FF00473895;
			productRefGroup = E36EC87B1F1BD5FF00473895 /* Products */;
			projectDirPath = "";
			projectRoot = "";
			targets = (
				E36EC8791F1BD5FF00473895 /* MambaTest */,
			);
		};
/* End PBXProject section */

/* Begin PBXResourcesBuildPhase section */
		E36EC8781F1BD5FF00473895 /* Resources */ = {
			isa = PBXResourcesBuildPhase;
			buildActionMask = 2147483647;
			files = (
				E36EC8881F1BD5FF00473895 /* LaunchScreen.storyboard in Resources */,
				E36EC8851F1BD5FF00473895 /* Assets.xcassets in Resources */,
				E36EC8831F1BD5FF00473895 /* Main.storyboard in Resources */,
			);
			runOnlyForDeploymentPostprocessing = 0;
		};
/* End PBXResourcesBuildPhase section */

/* Begin PBXSourcesBuildPhase section */
		E36EC8761F1BD5FF00473895 /* Sources */ = {
			isa = PBXSourcesBuildPhase;
			buildActionMask = 2147483647;
			files = (
				E36EC8801F1BD5FF00473895 /* ViewController.swift in Sources */,
				E36EC87E1F1BD5FF00473895 /* AppDelegate.swift in Sources */,
			);
			runOnlyForDeploymentPostprocessing = 0;
		};
/* End PBXSourcesBuildPhase section */

/* Begin PBXVariantGroup section */
		E36EC8811F1BD5FF00473895 /* Main.storyboard */ = {
			isa = PBXVariantGroup;
			children = (
				E36EC8821F1BD5FF00473895 /* Base */,
			);
			name = Main.storyboard;
			sourceTree = "<group>";
		};
		E36EC8861F1BD5FF00473895 /* LaunchScreen.storyboard */ = {
			isa = PBXVariantGroup;
			children = (
				E36EC8871F1BD5FF00473895 /* Base */,
			);
			name = LaunchScreen.storyboard;
			sourceTree = "<group>";
		};
/* End PBXVariantGroup section */

/* Begin XCBuildConfiguration section */
		E36EC88A1F1BD5FF00473895 /* Debug */ = {
			isa = XCBuildConfiguration;
			buildSettings = {
				ALWAYS_SEARCH_USER_PATHS = NO;
				CLANG_ANALYZER_NONNULL = YES;
				CLANG_CXX_LANGUAGE_STANDARD = "gnu++0x";
				CLANG_CXX_LIBRARY = "libc++";
				CLANG_ENABLE_MODULES = YES;
				CLANG_ENABLE_OBJC_ARC = YES;
				CLANG_WARN_BOOL_CONVERSION = YES;
				CLANG_WARN_CONSTANT_CONVERSION = YES;
				CLANG_WARN_DIRECT_OBJC_ISA_USAGE = YES_ERROR;
				CLANG_WARN_DOCUMENTATION_COMMENTS = YES;
				CLANG_WARN_EMPTY_BODY = YES;
				CLANG_WARN_ENUM_CONVERSION = YES;
				CLANG_WARN_INFINITE_RECURSION = YES;
				CLANG_WARN_INT_CONVERSION = YES;
				CLANG_WARN_OBJC_ROOT_CLASS = YES_ERROR;
				CLANG_WARN_SUSPICIOUS_MOVE = YES;
				CLANG_WARN_UNREACHABLE_CODE = YES;
				CLANG_WARN__DUPLICATE_METHOD_MATCH = YES;
				"CODE_SIGN_IDENTITY[sdk=iphoneos*]" = "iPhone Developer";
				COPY_PHASE_STRIP = NO;
				DEBUG_INFORMATION_FORMAT = dwarf;
				ENABLE_STRICT_OBJC_MSGSEND = YES;
				ENABLE_TESTABILITY = YES;
				GCC_C_LANGUAGE_STANDARD = gnu99;
				GCC_DYNAMIC_NO_PIC = NO;
				GCC_NO_COMMON_BLOCKS = YES;
				GCC_OPTIMIZATION_LEVEL = 0;
				GCC_PREPROCESSOR_DEFINITIONS = (
					"DEBUG=1",
					"$(inherited)",
				);
				GCC_WARN_64_TO_32_BIT_CONVERSION = YES;
				GCC_WARN_ABOUT_RETURN_TYPE = YES_ERROR;
				GCC_WARN_UNDECLARED_SELECTOR = YES;
				GCC_WARN_UNINITIALIZED_AUTOS = YES_AGGRESSIVE;
				GCC_WARN_UNUSED_FUNCTION = YES;
				GCC_WARN_UNUSED_VARIABLE = YES;
				IPHONEOS_DEPLOYMENT_TARGET = 10.2;
				MTL_ENABLE_DEBUG_INFO = YES;
				ONLY_ACTIVE_ARCH = YES;
				SDKROOT = iphoneos;
				SWIFT_ACTIVE_COMPILATION_CONDITIONS = DEBUG;
				SWIFT_OPTIMIZATION_LEVEL = "-Onone";
				TARGETED_DEVICE_FAMILY = "1,2";
			};
			name = Debug;
		};
		E36EC88B1F1BD5FF00473895 /* Release */ = {
			isa = XCBuildConfiguration;
			buildSettings = {
				ALWAYS_SEARCH_USER_PATHS = NO;
				CLANG_ANALYZER_NONNULL = YES;
				CLANG_CXX_LANGUAGE_STANDARD = "gnu++0x";
				CLANG_CXX_LIBRARY = "libc++";
				CLANG_ENABLE_MODULES = YES;
				CLANG_ENABLE_OBJC_ARC = YES;
				CLANG_WARN_BOOL_CONVERSION = YES;
				CLANG_WARN_CONSTANT_CONVERSION = YES;
				CLANG_WARN_DIRECT_OBJC_ISA_USAGE = YES_ERROR;
				CLANG_WARN_DOCUMENTATION_COMMENTS = YES;
				CLANG_WARN_EMPTY_BODY = YES;
				CLANG_WARN_ENUM_CONVERSION = YES;
				CLANG_WARN_INFINITE_RECURSION = YES;
				CLANG_WARN_INT_CONVERSION = YES;
				CLANG_WARN_OBJC_ROOT_CLASS = YES_ERROR;
				CLANG_WARN_SUSPICIOUS_MOVE = YES;
				CLANG_WARN_UNREACHABLE_CODE = YES;
				CLANG_WARN__DUPLICATE_METHOD_MATCH = YES;
				"CODE_SIGN_IDENTITY[sdk=iphoneos*]" = "iPhone Developer";
				COPY_PHASE_STRIP = NO;
				DEBUG_INFORMATION_FORMAT = "dwarf-with-dsym";
				ENABLE_NS_ASSERTIONS = NO;
				ENABLE_STRICT_OBJC_MSGSEND = YES;
				GCC_C_LANGUAGE_STANDARD = gnu99;
				GCC_NO_COMMON_BLOCKS = YES;
				GCC_WARN_64_TO_32_BIT_CONVERSION = YES;
				GCC_WARN_ABOUT_RETURN_TYPE = YES_ERROR;
				GCC_WARN_UNDECLARED_SELECTOR = YES;
				GCC_WARN_UNINITIALIZED_AUTOS = YES_AGGRESSIVE;
				GCC_WARN_UNUSED_FUNCTION = YES;
				GCC_WARN_UNUSED_VARIABLE = YES;
				IPHONEOS_DEPLOYMENT_TARGET = 10.2;
				MTL_ENABLE_DEBUG_INFO = NO;
				SDKROOT = iphoneos;
				SWIFT_OPTIMIZATION_LEVEL = "-Owholemodule";
				TARGETED_DEVICE_FAMILY = "1,2";
				VALIDATE_PRODUCT = YES;
			};
			name = Release;
		};
		E36EC88D1F1BD5FF00473895 /* Debug */ = {
			isa = XCBuildConfiguration;
			buildSettings = {
				ASSETCATALOG_COMPILER_APPICON_NAME = AppIcon;
				DEVELOPMENT_TEAM = 598SD24BP7;
				INFOPLIST_FILE = MambaTest/Info.plist;
				LD_RUNPATH_SEARCH_PATHS = "$(inherited) @executable_path/Frameworks";
				PRODUCT_BUNDLE_IDENTIFIER = "-11.MambaTest";
				PRODUCT_NAME = "$(TARGET_NAME)";
				SWIFT_VERSION = 3.0;
			};
			name = Debug;
		};
		E36EC88E1F1BD5FF00473895 /* Release */ = {
			isa = XCBuildConfiguration;
			buildSettings = {
				ASSETCATALOG_COMPILER_APPICON_NAME = AppIcon;
				DEVELOPMENT_TEAM = 598SD24BP7;
				INFOPLIST_FILE = MambaTest/Info.plist;
				LD_RUNPATH_SEARCH_PATHS = "$(inherited) @executable_path/Frameworks";
				PRODUCT_BUNDLE_IDENTIFIER = "-11.MambaTest";
				PRODUCT_NAME = "$(TARGET_NAME)";
				SWIFT_VERSION = 3.0;
			};
			name = Release;
		};
/* End XCBuildConfiguration section */

/* Begin XCConfigurationList section */
		E36EC8751F1BD5FF00473895 /* Build configuration list for PBXProject "MambaTest" */ = {
			isa = XCConfigurationList;
			buildConfigurations = (
				E36EC88A1F1BD5FF00473895 /* Debug */,
				E36EC88B1F1BD5FF00473895 /* Release */,
			);
			defaultConfigurationIsVisible = 0;
			defaultConfigurationName = Release;
		};
		E36EC88C1F1BD5FF00473895 /* Build configuration list for PBXNativeTarget "MambaTest" */ = {
			isa = XCConfigurationList;
			buildConfigurations = (
				E36EC88D1F1BD5FF00473895 /* Debug */,
				E36EC88E1F1BD5FF00473895 /* Release */,
			);
			defaultConfigurationIsVisible = 0;
		};
/* End XCConfigurationList section */
	};
	rootObject = E36EC8721F1BD5FF00473895 /* Project object */;
}
